version = 1
requires-python = "==3.12"

[[package]]
name = "bitarray"
version = "3.0.0"
source = { registry = "https://pypi.org/simple" }
sdist = { url = "https://files.pythonhosted.org/packages/85/62/dcfac53d22ef7e904ed10a8e710a36391d2d6753c34c869b51bfc5e4ad54/bitarray-3.0.0.tar.gz", hash = "sha256:a2083dc20f0d828a7cdf7a16b20dae56aab0f43dc4f347a3b3039f6577992b03", size = 126627 }
wheels = [
    { url = "https://files.pythonhosted.org/packages/4e/2e/2e4beb2b714dc83a9e90ac0e4bacb1a191c71125734f72962ee2a20b9cfb/bitarray-3.0.0-cp312-cp312-macosx_10_13_universal2.whl", hash = "sha256:184972c96e1c7e691be60c3792ca1a51dd22b7f25d96ebea502fe3c9b554f25d", size = 172152 },
    { url = "https://files.pythonhosted.org/packages/e0/1f/9ec96408c060ffc3df5ba64d2b520fd0484cb3393a96691df8f660a43b17/bitarray-3.0.0-cp312-cp312-macosx_10_13_x86_64.whl", hash = "sha256:787db8da5e9e29be712f7a6bce153c7bc8697ccc2c38633e347bb9c82475d5c9", size = 123319 },
    { url = "https://files.pythonhosted.org/packages/80/9f/4dd05086308bfcc84ad88c663460a8ad9f5f638f9f96eb5fa08381054db6/bitarray-3.0.0-cp312-cp312-macosx_11_0_arm64.whl", hash = "sha256:2da91ab3633c66999c2a352f0ca9ae064f553e5fc0eca231d28e7e305b83e942", size = 121242 },
    { url = "https://files.pythonhosted.org/packages/55/bb/8865b7380e9d20445bc775079f24f2279a8c0d9ee11d57c49b118d39beaf/bitarray-3.0.0-cp312-cp312-manylinux_2_17_aarch64.manylinux2014_aarch64.whl", hash = "sha256:7edb83089acbf2c86c8002b96599071931dc4ea5e1513e08306f6f7df879a48b", size = 287463 },
    { url = "https://files.pythonhosted.org/packages/db/8b/779119ee438090a80cbfaa49f96e783651183ab4c25b9760fe360aa7cb31/bitarray-3.0.0-cp312-cp312-manylinux_2_17_ppc64le.manylinux2014_ppc64le.whl", hash = "sha256:996d1b83eb904589f40974538223eaed1ab0f62be8a5105c280b9bd849e685c4", size = 301599 },
    { url = "https://files.pythonhosted.org/packages/41/25/78f7ba7fa8ab428767dfb722fc1ea9aac4a9813e348023d8047d8fd32253/bitarray-3.0.0-cp312-cp312-manylinux_2_17_s390x.manylinux2014_s390x.whl", hash = "sha256:4817d73d995bd2b977d9cde6050be8d407791cf1f84c8047fa0bea88c1b815bc", size = 304837 },
    { url = "https://files.pythonhosted.org/packages/f7/8d/30a448d3157b4239e635c92fc3b3789a5b87784875ca2776f65bd543d136/bitarray-3.0.0-cp312-cp312-manylinux_2_17_x86_64.manylinux2014_x86_64.whl", hash = "sha256:3d47bc4ff9b0e1624d613563c6fa7b80aebe7863c56c3df5ab238bb7134e8755", size = 288588 },
    { url = "https://files.pythonhosted.org/packages/86/e0/c1f1b595682244f55119d55f280b5a996bcd462b702ec220d976a7566d27/bitarray-3.0.0-cp312-cp312-manylinux_2_5_i686.manylinux1_i686.manylinux_2_17_i686.manylinux2014_i686.whl", hash = "sha256:aca0a9cd376beaccd9f504961de83e776dd209c2de5a4c78dc87a78edf61839b", size = 279002 },
    { url = "https://files.pythonhosted.org/packages/5c/4d/a17626923ad2c9d20ed1625fc5b27a8dfe2d1a3e877083e9422455ec302d/bitarray-3.0.0-cp312-cp312-musllinux_1_2_aarch64.whl", hash = "sha256:572a61fba7e3a710a8324771322fba8488d134034d349dcd036a7aef74723a80", size = 281898 },
    { url = "https://files.pythonhosted.org/packages/50/d8/5c410580a510e669d9a28bf17675e58843236c55c60fc6dc8f8747808757/bitarray-3.0.0-cp312-cp312-musllinux_1_2_i686.whl", hash = "sha256:a817ad70c1aff217530576b4f037dd9b539eb2926603354fcac605d824082ad1", size = 274622 },
    { url = "https://files.pythonhosted.org/packages/e7/21/de2e8eda85c5f6a05bda75a00c22c94aee71ef09db0d5cbf22446de74312/bitarray-3.0.0-cp312-cp312-musllinux_1_2_ppc64le.whl", hash = "sha256:2ac67b658fa5426503e9581a3fb44a26a3b346c1abd17105735f07db572195b3", size = 296930 },
    { url = "https://files.pythonhosted.org/packages/13/7b/7cfad12d77db2932fb745fa281693b0031c3dfd7f2ecf5803be688cc3798/bitarray-3.0.0-cp312-cp312-musllinux_1_2_s390x.whl", hash = "sha256:12f19ede03e685c5c588ab5ed63167999295ffab5e1126c5fe97d12c0718c18f", size = 309836 },
    { url = "https://files.pythonhosted.org/packages/53/e1/5120fbb8438a0d718e063f70168a2975e03f00ce6b86e74b8eec079cb492/bitarray-3.0.0-cp312-cp312-musllinux_1_2_x86_64.whl", hash = "sha256:fcef31b062f756ba7eebcd7890c5d5de84b9d64ee877325257bcc9782288564a", size = 281535 },
    { url = "https://files.pythonhosted.org/packages/73/75/8acebbbb4f85dcca73b8e91dde5d3e1e3e2317b36fae4f5b133c60720834/bitarray-3.0.0-cp312-cp312-win32.whl", hash = "sha256:656db7bdf1d81ec3b57b3cad7ec7276765964bcfd0eb81c5d1331f385298169c", size = 114423 },
    { url = "https://files.pythonhosted.org/packages/ca/56/dadae4d4351b337de6e0269001fb40f3ebe9f72222190456713d2c1be53d/bitarray-3.0.0-cp312-cp312-win_amd64.whl", hash = "sha256:f785af6b7cb07a9b1e5db0dea9ef9e3e8bb3d74874a0a61303eab9c16acc1999", size = 121680 },
]

[[package]]
name = "dill"
version = "0.3.9"
source = { registry = "https://pypi.org/simple" }
sdist = { url = "https://files.pythonhosted.org/packages/70/43/86fe3f9e130c4137b0f1b50784dd70a5087b911fe07fa81e53e0c4c47fea/dill-0.3.9.tar.gz", hash = "sha256:81aa267dddf68cbfe8029c42ca9ec6a4ab3b22371d1c450abc54422577b4512c", size = 187000 }
wheels = [
    { url = "https://files.pythonhosted.org/packages/46/d1/e73b6ad76f0b1fb7f23c35c6d95dbc506a9c8804f43dda8cb5b0fa6331fd/dill-0.3.9-py3-none-any.whl", hash = "sha256:468dff3b89520b474c0397703366b7b95eebe6303f108adf9b19da1f702be87a", size = 119418 },
]

[[package]]
name = "joblib"
version = "1.4.2"
source = { registry = "https://pypi.org/simple" }
sdist = { url = "https://files.pythonhosted.org/packages/64/33/60135848598c076ce4b231e1b1895170f45fbcaeaa2c9d5e38b04db70c35/joblib-1.4.2.tar.gz", hash = "sha256:2382c5816b2636fbd20a09e0f4e9dad4736765fdfb7dca582943b9c1366b3f0e", size = 2116621 }
wheels = [
    { url = "https://files.pythonhosted.org/packages/91/29/df4b9b42f2be0b623cbd5e2140cafcaa2bef0759a00b7b70104dcfe2fb51/joblib-1.4.2-py3-none-any.whl", hash = "sha256:06d478d5674cbc267e7496a410ee875abd68e4340feff4490bcb7afb88060ae6", size = 301817 },
]

[[package]]
name = "more-itertools"
version = "10.5.0"
source = { registry = "https://pypi.org/simple" }
sdist = { url = "https://files.pythonhosted.org/packages/51/78/65922308c4248e0eb08ebcbe67c95d48615cc6f27854b6f2e57143e9178f/more-itertools-10.5.0.tar.gz", hash = "sha256:5482bfef7849c25dc3c6dd53a6173ae4795da2a41a80faea6700d9f5846c5da6", size = 121020 }
wheels = [
    { url = "https://files.pythonhosted.org/packages/48/7e/3a64597054a70f7c86eb0a7d4fc315b8c1ab932f64883a297bdffeb5f967/more_itertools-10.5.0-py3-none-any.whl", hash = "sha256:037b0d3203ce90cca8ab1defbbdac29d5f993fc20131f3664dc8d6acfa872aef", size = 60952 },
]

[[package]]
name = "mpmath"
version = "1.3.0"
source = { registry = "https://pypi.org/simple" }
sdist = { url = "https://files.pythonhosted.org/packages/e0/47/dd32fa426cc72114383ac549964eecb20ecfd886d1e5ccf5340b55b02f57/mpmath-1.3.0.tar.gz", hash = "sha256:7a28eb2a9774d00c7bc92411c19a89209d5da7c4c9a9e227be8330a23a25b91f", size = 508106 }
wheels = [
    { url = "https://files.pythonhosted.org/packages/43/e3/7d92a15f894aa0c9c4b49b8ee9ac9850d6e63b03c9c32c0367a13ae62209/mpmath-1.3.0-py3-none-any.whl", hash = "sha256:a0b2b9fe80bbcd81a6647ff13108738cfb482d481d826cc0e02f5b35e5c88d2c", size = 536198 },
]

[[package]]
name = "networkx"
version = "3.4.2"
source = { registry = "https://pypi.org/simple" }
sdist = { url = "https://files.pythonhosted.org/packages/fd/1d/06475e1cd5264c0b870ea2cc6fdb3e37177c1e565c43f56ff17a10e3937f/networkx-3.4.2.tar.gz", hash = "sha256:307c3669428c5362aab27c8a1260aa8f47c4e91d3891f48be0141738d8d053e1", size = 2151368 }
wheels = [
    { url = "https://files.pythonhosted.org/packages/b9/54/dd730b32ea14ea797530a4479b2ed46a6fb250f682a9cfb997e968bf0261/networkx-3.4.2-py3-none-any.whl", hash = "sha256:df5d4365b724cf81b8c6a7312509d0c22386097011ad1abe274afd5e9d3bbc5f", size = 1723263 },
]

[[package]]
name = "numpy"
version = "2.1.3"
source = { registry = "https://pypi.org/simple" }
sdist = { url = "https://files.pythonhosted.org/packages/25/ca/1166b75c21abd1da445b97bf1fa2f14f423c6cfb4fc7c4ef31dccf9f6a94/numpy-2.1.3.tar.gz", hash = "sha256:aa08e04e08aaf974d4458def539dece0d28146d866a39da5639596f4921fd761", size = 20166090 }
wheels = [
    { url = "https://files.pythonhosted.org/packages/8a/f0/385eb9970309643cbca4fc6eebc8bb16e560de129c91258dfaa18498da8b/numpy-2.1.3-cp312-cp312-macosx_10_13_x86_64.whl", hash = "sha256:f55ba01150f52b1027829b50d70ef1dafd9821ea82905b63936668403c3b471e", size = 20849658 },
    { url = "https://files.pythonhosted.org/packages/54/4a/765b4607f0fecbb239638d610d04ec0a0ded9b4951c56dc68cef79026abf/numpy-2.1.3-cp312-cp312-macosx_11_0_arm64.whl", hash = "sha256:13138eadd4f4da03074851a698ffa7e405f41a0845a6b1ad135b81596e4e9958", size = 13492258 },
    { url = "https://files.pythonhosted.org/packages/bd/a7/2332679479c70b68dccbf4a8eb9c9b5ee383164b161bee9284ac141fbd33/numpy-2.1.3-cp312-cp312-macosx_14_0_arm64.whl", hash = "sha256:a6b46587b14b888e95e4a24d7b13ae91fa22386c199ee7b418f449032b2fa3b8", size = 5090249 },
    { url = "https://files.pythonhosted.org/packages/c1/67/4aa00316b3b981a822c7a239d3a8135be2a6945d1fd11d0efb25d361711a/numpy-2.1.3-cp312-cp312-macosx_14_0_x86_64.whl", hash = "sha256:0fa14563cc46422e99daef53d725d0c326e99e468a9320a240affffe87852564", size = 6621704 },
    { url = "https://files.pythonhosted.org/packages/5e/da/1a429ae58b3b6c364eeec93bf044c532f2ff7b48a52e41050896cf15d5b1/numpy-2.1.3-cp312-cp312-manylinux_2_17_aarch64.manylinux2014_aarch64.whl", hash = "sha256:8637dcd2caa676e475503d1f8fdb327bc495554e10838019651b76d17b98e512", size = 13606089 },
    { url = "https://files.pythonhosted.org/packages/9e/3e/3757f304c704f2f0294a6b8340fcf2be244038be07da4cccf390fa678a9f/numpy-2.1.3-cp312-cp312-manylinux_2_17_x86_64.manylinux2014_x86_64.whl", hash = "sha256:2312b2aa89e1f43ecea6da6ea9a810d06aae08321609d8dc0d0eda6d946a541b", size = 16043185 },
    { url = "https://files.pythonhosted.org/packages/43/97/75329c28fea3113d00c8d2daf9bc5828d58d78ed661d8e05e234f86f0f6d/numpy-2.1.3-cp312-cp312-musllinux_1_1_x86_64.whl", hash = "sha256:a38c19106902bb19351b83802531fea19dee18e5b37b36454f27f11ff956f7fc", size = 16410751 },
    { url = "https://files.pythonhosted.org/packages/ad/7a/442965e98b34e0ae9da319f075b387bcb9a1e0658276cc63adb8c9686f7b/numpy-2.1.3-cp312-cp312-musllinux_1_2_aarch64.whl", hash = "sha256:02135ade8b8a84011cbb67dc44e07c58f28575cf9ecf8ab304e51c05528c19f0", size = 14082705 },
    { url = "https://files.pythonhosted.org/packages/ac/b6/26108cf2cfa5c7e03fb969b595c93131eab4a399762b51ce9ebec2332e80/numpy-2.1.3-cp312-cp312-win32.whl", hash = "sha256:e6988e90fcf617da2b5c78902fe8e668361b43b4fe26dbf2d7b0f8034d4cafb9", size = 6239077 },
    { url = "https://files.pythonhosted.org/packages/a6/84/fa11dad3404b7634aaab50733581ce11e5350383311ea7a7010f464c0170/numpy-2.1.3-cp312-cp312-win_amd64.whl", hash = "sha256:0d30c543f02e84e92c4b1f415b7c6b5326cbe45ee7882b6b77db7195fb971e3a", size = 12566858 },
]

[[package]]
name = "pandas"
version = "2.2.3"
source = { registry = "https://pypi.org/simple" }
dependencies = [
    { name = "numpy" },
    { name = "python-dateutil" },
    { name = "pytz" },
    { name = "tzdata" },
]
sdist = { url = "https://files.pythonhosted.org/packages/9c/d6/9f8431bacc2e19dca897724cd097b1bb224a6ad5433784a44b587c7c13af/pandas-2.2.3.tar.gz", hash = "sha256:4f18ba62b61d7e192368b84517265a99b4d7ee8912f8708660fb4a366cc82667", size = 4399213 }
wheels = [
    { url = "https://files.pythonhosted.org/packages/17/a3/fb2734118db0af37ea7433f57f722c0a56687e14b14690edff0cdb4b7e58/pandas-2.2.3-cp312-cp312-macosx_10_9_x86_64.whl", hash = "sha256:b1d432e8d08679a40e2a6d8b2f9770a5c21793a6f9f47fdd52c5ce1948a5a8a9", size = 12529893 },
    { url = "https://files.pythonhosted.org/packages/e1/0c/ad295fd74bfac85358fd579e271cded3ac969de81f62dd0142c426b9da91/pandas-2.2.3-cp312-cp312-macosx_11_0_arm64.whl", hash = "sha256:a5a1595fe639f5988ba6a8e5bc9649af3baf26df3998a0abe56c02609392e0a4", size = 11363475 },
    { url = "https://files.pythonhosted.org/packages/c6/2a/4bba3f03f7d07207481fed47f5b35f556c7441acddc368ec43d6643c5777/pandas-2.2.3-cp312-cp312-manylinux2014_aarch64.manylinux_2_17_aarch64.whl", hash = "sha256:5de54125a92bb4d1c051c0659e6fcb75256bf799a732a87184e5ea503965bce3", size = 15188645 },
    { url = "https://files.pythonhosted.org/packages/38/f8/d8fddee9ed0d0c0f4a2132c1dfcf0e3e53265055da8df952a53e7eaf178c/pandas-2.2.3-cp312-cp312-manylinux_2_17_x86_64.manylinux2014_x86_64.whl", hash = "sha256:fffb8ae78d8af97f849404f21411c95062db1496aeb3e56f146f0355c9989319", size = 12739445 },
    { url = "https://files.pythonhosted.org/packages/20/e8/45a05d9c39d2cea61ab175dbe6a2de1d05b679e8de2011da4ee190d7e748/pandas-2.2.3-cp312-cp312-musllinux_1_2_aarch64.whl", hash = "sha256:6dfcb5ee8d4d50c06a51c2fffa6cff6272098ad6540aed1a76d15fb9318194d8", size = 16359235 },
    { url = "https://files.pythonhosted.org/packages/1d/99/617d07a6a5e429ff90c90da64d428516605a1ec7d7bea494235e1c3882de/pandas-2.2.3-cp312-cp312-musllinux_1_2_x86_64.whl", hash = "sha256:062309c1b9ea12a50e8ce661145c6aab431b1e99530d3cd60640e255778bd43a", size = 14056756 },
    { url = "https://files.pythonhosted.org/packages/29/d4/1244ab8edf173a10fd601f7e13b9566c1b525c4f365d6bee918e68381889/pandas-2.2.3-cp312-cp312-win_amd64.whl", hash = "sha256:59ef3764d0fe818125a5097d2ae867ca3fa64df032331b7e0917cf5d7bf66b13", size = 11504248 },
]

[[package]]
name = "pbr"
version = "6.1.0"
source = { registry = "https://pypi.org/simple" }
sdist = { url = "https://files.pythonhosted.org/packages/b2/35/80cf8f6a4f34017a7fe28242dc45161a1baa55c41563c354d8147e8358b2/pbr-6.1.0.tar.gz", hash = "sha256:788183e382e3d1d7707db08978239965e8b9e4e5ed42669bf4758186734d5f24", size = 124032 }
wheels = [
    { url = "https://files.pythonhosted.org/packages/1d/44/6a65ecd630393d47ad3e7d5354768cb7f9a10b3a0eb2cd8c6f52b28211ee/pbr-6.1.0-py2.py3-none-any.whl", hash = "sha256:a776ae228892d8013649c0aeccbb3d5f99ee15e005a4cbb7e61d55a067b28a2a", size = 108529 },
]

[[package]]
name = "pulp"
version = "2.9.0"
source = { registry = "https://pypi.org/simple" }
sdist = { url = "https://files.pythonhosted.org/packages/bb/d5/7cb148b56f3603be3663498db3a63054d7d519eab32ef9c39f93faf6b7a9/pulp-2.9.0.tar.gz", hash = "sha256:2e30e6c0ef2c0edac185220e3e53faca62eb786a9bd68465208f05bc63e850f3", size = 17610175 }
wheels = [
    { url = "https://files.pythonhosted.org/packages/64/10/704c18b5960b3f9b10efcc859e11881ad90f1e44008e181d2b10cd305a63/PuLP-2.9.0-py3-none-any.whl", hash = "sha256:ad6a9b566d8458f4d05f4bfe2cea59e32885dd1da6929a361be579222107987c", size = 17678417 },
]

[[package]]
name = "python-dateutil"
version = "2.9.0.post0"
source = { registry = "https://pypi.org/simple" }
dependencies = [
    { name = "six" },
]
sdist = { url = "https://files.pythonhosted.org/packages/66/c0/0c8b6ad9f17a802ee498c46e004a0eb49bc148f2fd230864601a86dcf6db/python-dateutil-2.9.0.post0.tar.gz", hash = "sha256:37dd54208da7e1cd875388217d5e00ebd4179249f90fb72437e91a35459a0ad3", size = 342432 }
wheels = [
    { url = "https://files.pythonhosted.org/packages/ec/57/56b9bcc3c9c6a792fcbaf139543cee77261f3651ca9da0c93f5c1221264b/python_dateutil-2.9.0.post0-py2.py3-none-any.whl", hash = "sha256:a8b2bc7bffae282281c8140a97d3aa9c14da0b136dfe83f850eea9a5f7470427", size = 229892 },
]

[[package]]
name = "pytz"
version = "2024.2"
source = { registry = "https://pypi.org/simple" }
sdist = { url = "https://files.pythonhosted.org/packages/3a/31/3c70bf7603cc2dca0f19bdc53b4537a797747a58875b552c8c413d963a3f/pytz-2024.2.tar.gz", hash = "sha256:2aa355083c50a0f93fa581709deac0c9ad65cca8a9e9beac660adcbd493c798a", size = 319692 }
wheels = [
    { url = "https://files.pythonhosted.org/packages/11/c3/005fcca25ce078d2cc29fd559379817424e94885510568bc1bc53d7d5846/pytz-2024.2-py2.py3-none-any.whl", hash = "sha256:31c7c1817eb7fae7ca4b8c7ee50c72f93aa2dd863de768e1ef4245d426aa0725", size = 508002 },
]

[[package]]
name = "qiskit"
version = "1.2.4"
source = { registry = "https://pypi.org/simple" }
dependencies = [
    { name = "dill" },
    { name = "numpy" },
    { name = "python-dateutil" },
    { name = "rustworkx" },
    { name = "scipy" },
    { name = "stevedore" },
    { name = "symengine" },
    { name = "sympy" },
    { name = "typing-extensions" },
]
sdist = { url = "https://files.pythonhosted.org/packages/99/2a/c3f63a216b88fd01417b9fcd47512553463c7247575ce06f40b9269b6fba/qiskit-1.2.4.tar.gz", hash = "sha256:3f30b1fc6c66dec240428991da75cc6c35cc75152baff8daf3f8ca71b60684e8", size = 3640923 }
wheels = [
    { url = "https://files.pythonhosted.org/packages/73/5e/c7b34b1862c05e798bce18d632bfec5a4df7f86958659356b333390b827d/qiskit-1.2.4-cp38-abi3-macosx_10_9_universal2.whl", hash = "sha256:1cdabddeed74956ac22db8b11b3479044a305b0895b142198f11a75e745aa079", size = 6841939 },
    { url = "https://files.pythonhosted.org/packages/52/07/889a5ff9ca2e4f32428836adc51f6764e5c906029138ab877b99e95651c1/qiskit-1.2.4-cp38-abi3-macosx_10_9_x86_64.whl", hash = "sha256:9daad1c3a0608c4a32a03112d0650cc51ced2cab16479703230acedafafa0548", size = 4623509 },
    { url = "https://files.pythonhosted.org/packages/3f/14/64e86bebb3a98a0bc0cd29cfaeffc7ad5178579e239329e8b21e664863a1/qiskit-1.2.4-cp38-abi3-macosx_11_0_arm64.whl", hash = "sha256:3394ec724adeb481c02b050ac6e5929ca5e1f91ab94a1d571dadf0c702d6967e", size = 4460750 },
    { url = "https://files.pythonhosted.org/packages/80/75/7e4aa946c8e11065568a78cc8c6687667bb3376cc704fc16504d9e14bc5d/qiskit-1.2.4-cp38-abi3-manylinux_2_17_aarch64.manylinux2014_aarch64.whl", hash = "sha256:124777b0d9caf40932e02d1d2c6be3a12ff058990e6ae55f45a315a9a51da75b", size = 4621828 },
    { url = "https://files.pythonhosted.org/packages/81/1c/8794ad953a5be69e5ab037f33a2e7fa6a0276d10f8f76c25e9f28b4897ce/qiskit-1.2.4-cp38-abi3-manylinux_2_17_i686.manylinux2014_i686.whl", hash = "sha256:2c8d9fa7fdb0cf7727f27a1881cc9f9be7de2b6aaf7cab6861686e1a6e34d6c8", size = 4790612 },
    { url = "https://files.pythonhosted.org/packages/5b/e6/ef18152dde40386ff6bca4b50907852d47027ad7f4b3cd1b1fb5b108558e/qiskit-1.2.4-cp38-abi3-manylinux_2_17_ppc64le.manylinux2014_ppc64le.whl", hash = "sha256:3a973089d54f379006df8ae9b0d406e909e02b11a9390b3e2f50aefd5e8070eb", size = 4663037 },
    { url = "https://files.pythonhosted.org/packages/24/bc/1e44746a9157ca8881c8c978a316e8a1a8b5391d52b06150e0222bab9f76/qiskit-1.2.4-cp38-abi3-manylinux_2_17_s390x.manylinux2014_s390x.whl", hash = "sha256:409b43d48e33e5bbc316fd85f44f29a71db2d5ff802affabc5ee355fe9573d7e", size = 5466671 },
    { url = "https://files.pythonhosted.org/packages/9c/f2/708f8d18d22461a0394aad48232accd8e3e55ff83ad49b8ad14c205603ea/qiskit-1.2.4-cp38-abi3-manylinux_2_17_x86_64.manylinux2014_x86_64.whl", hash = "sha256:a66303ab4f939080ca0b8c4102040a89417a99f2621978c7bca8b1d5f6c6e103", size = 4751938 },
    { url = "https://files.pythonhosted.org/packages/75/29/3197fd3fd05c446680d8c9c33fd00916500810347929983c2fbf25f46f04/qiskit-1.2.4-cp38-abi3-win32.whl", hash = "sha256:93aa20398c5ab79adb4baf89a76d034a7c608fcc5bcbbd77355314378583e56a", size = 4436558 },
    { url = "https://files.pythonhosted.org/packages/25/0c/4952744fb8a6362029afa3dda15603ab4bbd9ac57d98ea4c0c75bdb88bc2/qiskit-1.2.4-cp38-abi3-win_amd64.whl", hash = "sha256:87175e179bbaa3d2e280f14fe90efa77d6d7521d58ee5afd9528ec6716a6d8e6", size = 4588617 },
]

[[package]]
name = "rustworkx"
version = "0.15.1"
source = { registry = "https://pypi.org/simple" }
dependencies = [
    { name = "numpy" },
]
sdist = { url = "https://files.pythonhosted.org/packages/5e/07/1af3ead27f1da113a60dc6735c761da6fc2e2db4cfc414bbcd03a989ccee/rustworkx-0.15.1.tar.gz", hash = "sha256:0e0cc86599f979285b2ab9c357276f3272f3fcb3b2df5651a6bf9704c570d4c1", size = 342216 }
wheels = [
    { url = "https://files.pythonhosted.org/packages/37/06/adeed1d166c55920a6a83085e8c8c8b24c8d7708de99f7a814458a3c4529/rustworkx-0.15.1-cp38-abi3-macosx_10_12_x86_64.whl", hash = "sha256:6cd4496d3298cd3205c03545e48cc37d21e0455d57752af801d3fb250452d590", size = 1880966 },
    { url = "https://files.pythonhosted.org/packages/03/11/95350c7eeade2e61a736f1ca956ee04acb920b7b080ff0c058c40cc7bbf3/rustworkx-0.15.1-cp38-abi3-macosx_11_0_arm64.whl", hash = "sha256:cb518f5649e62d753e29ca1e57290c8f58adbebcd154dc3159f4a36ebfa1e2b7", size = 1707452 },
    { url = "https://files.pythonhosted.org/packages/2f/2b/494982ecc4618796aacb8069bc176d895cec4bf1ac8dd0b1d69657d920c4/rustworkx-0.15.1-cp38-abi3-manylinux_2_12_i686.manylinux2010_i686.manylinux_2_17_i686.manylinux2014_i686.whl", hash = "sha256:6ac68ae2515ece22ba3ef56f3d16ad6bf707955f650d623190b2e7d706c6dc92", size = 2009359 },
    { url = "https://files.pythonhosted.org/packages/7f/3c/23304cf86c4af6014884bde046073105ace6250b6a0914c1090f2643d03c/rustworkx-0.15.1-cp38-abi3-manylinux_2_17_aarch64.manylinux2014_aarch64.whl", hash = "sha256:8b903edec1d803704b499959f9d6f6119cdda63b9b64194a4b4307e506b112f0", size = 1862943 },
    { url = "https://files.pythonhosted.org/packages/b3/2a/03e6ff45cb772d249d4bf2d433a2acd2ec857615b3c1d44f0fa49e13aa63/rustworkx-0.15.1-cp38-abi3-manylinux_2_17_ppc64le.manylinux2014_ppc64le.whl", hash = "sha256:a2c97a56ff8a0f6c273a83e26e627c72207442b4252aa550acad0bff42caac40", size = 2029096 },
    { url = "https://files.pythonhosted.org/packages/15/88/a3710209f647d89358c81b5974aee48b1ab361fd016dcae81824e29ee645/rustworkx-0.15.1-cp38-abi3-manylinux_2_17_s390x.manylinux2014_s390x.whl", hash = "sha256:241c502532e348ba89200823326dba30de4df4b886cb2fd5a140b359ff124bb3", size = 3611892 },
    { url = "https://files.pythonhosted.org/packages/cb/a0/af448af28514e82f36e7431bc88e933ad043e5a95a7985bd9458a05877c6/rustworkx-0.15.1-cp38-abi3-manylinux_2_17_x86_64.manylinux2014_x86_64.whl", hash = "sha256:7e5f4156f46fa03177c9b0580450eab87786063495d48b457762a5bdd20c55e2", size = 1950466 },
    { url = "https://files.pythonhosted.org/packages/c6/fe/1e9a8a29c21080155b7422011a3c472aa45dbb3b8bb6f610958eb906a713/rustworkx-0.15.1-cp38-abi3-musllinux_1_1_aarch64.whl", hash = "sha256:7834ab34748db6214ec3b3836b996b23882dc83184234e6d346d6bb85fd58ae5", size = 1888003 },
    { url = "https://files.pythonhosted.org/packages/65/66/daf6fffadb749574f78cd70919e598371d40484993ed005ed5efbef28b4e/rustworkx-0.15.1-cp38-abi3-musllinux_1_1_x86_64.whl", hash = "sha256:ce53f173fed16e1d51d9df9f23475a16c981b03bf1a412d991c75a70db6b1dc1", size = 1976312 },
    { url = "https://files.pythonhosted.org/packages/d5/ea/9cbf42b4d9a2b6ad18736bc2149d2b2439075b70094232ba3494fd14845b/rustworkx-0.15.1-cp38-abi3-win32.whl", hash = "sha256:308bc76a01bcae9af4602d8b9ed58021df37dd0bb5a7b2e3831ae53c5e234ff0", size = 1683889 },
    { url = "https://files.pythonhosted.org/packages/9c/c6/50f5736f5dac1709c6c8b6ac3470f466fd793dd25c081923942caf13051f/rustworkx-0.15.1-cp38-abi3-win_amd64.whl", hash = "sha256:89077382633e918d2392772f53b9d6d30eee51eb536f8d38ee195c212b2f0427", size = 1840525 },
]

[[package]]
name = "scikit-learn"
version = "1.5.2"
source = { registry = "https://pypi.org/simple" }
dependencies = [
    { name = "joblib" },
    { name = "numpy" },
    { name = "scipy" },
    { name = "threadpoolctl" },
]
sdist = { url = "https://files.pythonhosted.org/packages/37/59/44985a2bdc95c74e34fef3d10cb5d93ce13b0e2a7baefffe1b53853b502d/scikit_learn-1.5.2.tar.gz", hash = "sha256:b4237ed7b3fdd0a4882792e68ef2545d5baa50aca3bb45aa7df468138ad8f94d", size = 7001680 }
wheels = [
    { url = "https://files.pythonhosted.org/packages/a4/db/b485c1ac54ff3bd9e7e6b39d3cc6609c4c76a65f52ab0a7b22b6c3ab0e9d/scikit_learn-1.5.2-cp312-cp312-macosx_10_9_x86_64.whl", hash = "sha256:f932a02c3f4956dfb981391ab24bda1dbd90fe3d628e4b42caef3e041c67707a", size = 12110344 },
    { url = "https://files.pythonhosted.org/packages/54/1a/7deb52fa23aebb855431ad659b3c6a2e1709ece582cb3a63d66905e735fe/scikit_learn-1.5.2-cp312-cp312-macosx_12_0_arm64.whl", hash = "sha256:3b923d119d65b7bd555c73be5423bf06c0105678ce7e1f558cb4b40b0a5502b1", size = 11033502 },
    { url = "https://files.pythonhosted.org/packages/a1/32/4a7a205b14c11225609b75b28402c196e4396ac754dab6a81971b811781c/scikit_learn-1.5.2-cp312-cp312-manylinux_2_17_aarch64.manylinux2014_aarch64.whl", hash = "sha256:f60021ec1574e56632be2a36b946f8143bf4e5e6af4a06d85281adc22938e0dd", size = 12085794 },
    { url = "https://files.pythonhosted.org/packages/c6/29/044048c5e911373827c0e1d3051321b9183b2a4f8d4e2f11c08fcff83f13/scikit_learn-1.5.2-cp312-cp312-manylinux_2_17_x86_64.manylinux2014_x86_64.whl", hash = "sha256:394397841449853c2290a32050382edaec3da89e35b3e03d6cc966aebc6a8ae6", size = 12945797 },
    { url = "https://files.pythonhosted.org/packages/aa/ce/c0b912f2f31aeb1b756a6ba56bcd84dd1f8a148470526a48515a3f4d48cd/scikit_learn-1.5.2-cp312-cp312-win_amd64.whl", hash = "sha256:57cc1786cfd6bd118220a92ede80270132aa353647684efa385a74244a41e3b1", size = 10985467 },
]

[[package]]
name = "scipy"
version = "1.14.1"
source = { registry = "https://pypi.org/simple" }
dependencies = [
    { name = "numpy" },
]
sdist = { url = "https://files.pythonhosted.org/packages/62/11/4d44a1f274e002784e4dbdb81e0ea96d2de2d1045b2132d5af62cc31fd28/scipy-1.14.1.tar.gz", hash = "sha256:5a275584e726026a5699459aa72f828a610821006228e841b94275c4a7c08417", size = 58620554 }
wheels = [
    { url = "https://files.pythonhosted.org/packages/c0/04/2bdacc8ac6387b15db6faa40295f8bd25eccf33f1f13e68a72dc3c60a99e/scipy-1.14.1-cp312-cp312-macosx_10_13_x86_64.whl", hash = "sha256:631f07b3734d34aced009aaf6fedfd0eb3498a97e581c3b1e5f14a04164a456d", size = 39128781 },
    { url = "https://files.pythonhosted.org/packages/c8/53/35b4d41f5fd42f5781dbd0dd6c05d35ba8aa75c84ecddc7d44756cd8da2e/scipy-1.14.1-cp312-cp312-macosx_12_0_arm64.whl", hash = "sha256:af29a935803cc707ab2ed7791c44288a682f9c8107bc00f0eccc4f92c08d6e07", size = 29939542 },
    { url = "https://files.pythonhosted.org/packages/66/67/6ef192e0e4d77b20cc33a01e743b00bc9e68fb83b88e06e636d2619a8767/scipy-1.14.1-cp312-cp312-macosx_14_0_arm64.whl", hash = "sha256:2843f2d527d9eebec9a43e6b406fb7266f3af25a751aa91d62ff416f54170bc5", size = 23148375 },
    { url = "https://files.pythonhosted.org/packages/f6/32/3a6dedd51d68eb7b8e7dc7947d5d841bcb699f1bf4463639554986f4d782/scipy-1.14.1-cp312-cp312-macosx_14_0_x86_64.whl", hash = "sha256:eb58ca0abd96911932f688528977858681a59d61a7ce908ffd355957f7025cfc", size = 25578573 },
    { url = "https://files.pythonhosted.org/packages/f0/5a/efa92a58dc3a2898705f1dc9dbaf390ca7d4fba26d6ab8cfffb0c72f656f/scipy-1.14.1-cp312-cp312-manylinux_2_17_aarch64.manylinux2014_aarch64.whl", hash = "sha256:30ac8812c1d2aab7131a79ba62933a2a76f582d5dbbc695192453dae67ad6310", size = 35319299 },
    { url = "https://files.pythonhosted.org/packages/8e/ee/8a26858ca517e9c64f84b4c7734b89bda8e63bec85c3d2f432d225bb1886/scipy-1.14.1-cp312-cp312-manylinux_2_17_x86_64.manylinux2014_x86_64.whl", hash = "sha256:8f9ea80f2e65bdaa0b7627fb00cbeb2daf163caa015e59b7516395fe3bd1e066", size = 40849331 },
    { url = "https://files.pythonhosted.org/packages/a5/cd/06f72bc9187840f1c99e1a8750aad4216fc7dfdd7df46e6280add14b4822/scipy-1.14.1-cp312-cp312-musllinux_1_2_x86_64.whl", hash = "sha256:edaf02b82cd7639db00dbff629995ef185c8df4c3ffa71a5562a595765a06ce1", size = 42544049 },
    { url = "https://files.pythonhosted.org/packages/aa/7d/43ab67228ef98c6b5dd42ab386eae2d7877036970a0d7e3dd3eb47a0d530/scipy-1.14.1-cp312-cp312-win_amd64.whl", hash = "sha256:2ff38e22128e6c03ff73b6bb0f85f897d2362f8c052e3b8ad00532198fbdae3f", size = 44521212 },
]

[[package]]
name = "shapely"
version = "2.0.6"
source = { registry = "https://pypi.org/simple" }
dependencies = [
    { name = "numpy" },
]
sdist = { url = "https://files.pythonhosted.org/packages/4a/89/0d20bac88016be35ff7d3c0c2ae64b477908f1b1dfa540c5d69ac7af07fe/shapely-2.0.6.tar.gz", hash = "sha256:997f6159b1484059ec239cacaa53467fd8b5564dabe186cd84ac2944663b0bf6", size = 282361 }
wheels = [
    { url = "https://files.pythonhosted.org/packages/46/77/efd9f9d4b6a762f976f8b082f54c9be16f63050389500fb52e4f6cc07c1a/shapely-2.0.6-cp312-cp312-macosx_10_9_x86_64.whl", hash = "sha256:cec9193519940e9d1b86a3b4f5af9eb6910197d24af02f247afbfb47bcb3fab0", size = 1450326 },
    { url = "https://files.pythonhosted.org/packages/68/53/5efa6e7a4036a94fe6276cf7bbb298afded51ca3396b03981ad680c8cc7d/shapely-2.0.6-cp312-cp312-macosx_11_0_arm64.whl", hash = "sha256:83b94a44ab04a90e88be69e7ddcc6f332da7c0a0ebb1156e1c4f568bbec983c3", size = 1298480 },
    { url = "https://files.pythonhosted.org/packages/88/a2/1be1db4fc262e536465a52d4f19d85834724fedf2299a1b9836bc82fe8fa/shapely-2.0.6-cp312-cp312-manylinux_2_17_aarch64.manylinux2014_aarch64.whl", hash = "sha256:537c4b2716d22c92036d00b34aac9d3775e3691f80c7aa517c2c290351f42cd8", size = 2439311 },
    { url = "https://files.pythonhosted.org/packages/d5/7d/9a57e187cbf2fbbbdfd4044a4f9ce141c8d221f9963750d3b001f0ec080d/shapely-2.0.6-cp312-cp312-manylinux_2_17_x86_64.manylinux2014_x86_64.whl", hash = "sha256:98fea108334be345c283ce74bf064fa00cfdd718048a8af7343c59eb40f59726", size = 2524835 },
    { url = "https://files.pythonhosted.org/packages/6d/0a/f407509ab56825f39bf8cfce1fb410238da96cf096809c3e404e5bc71ea1/shapely-2.0.6-cp312-cp312-win32.whl", hash = "sha256:42fd4cd4834747e4990227e4cbafb02242c0cffe9ce7ef9971f53ac52d80d55f", size = 1295613 },
    { url = "https://files.pythonhosted.org/packages/7b/b3/857afd9dfbfc554f10d683ac412eac6fa260d1f4cd2967ecb655c57e831a/shapely-2.0.6-cp312-cp312-win_amd64.whl", hash = "sha256:665990c84aece05efb68a21b3523a6b2057e84a1afbef426ad287f0796ef8a48", size = 1442539 },
]

[[package]]
name = "six"
version = "1.16.0"
source = { registry = "https://pypi.org/simple" }
sdist = { url = "https://files.pythonhosted.org/packages/71/39/171f1c67cd00715f190ba0b100d606d440a28c93c7714febeca8b79af85e/six-1.16.0.tar.gz", hash = "sha256:1e61c37477a1626458e36f7b1d82aa5c9b094fa4802892072e49de9c60c4c926", size = 34041 }
wheels = [
    { url = "https://files.pythonhosted.org/packages/d9/5a/e7c31adbe875f2abbb91bd84cf2dc52d792b5a01506781dbcf25c91daf11/six-1.16.0-py2.py3-none-any.whl", hash = "sha256:8abb2f1d86890a2dfb989f9a77cfcfd3e47c2a354b01111771326f8aa26e0254", size = 11053 },
]

[[package]]
name = "sortedcontainers"
version = "2.4.0"
source = { registry = "https://pypi.org/simple" }
sdist = { url = "https://files.pythonhosted.org/packages/e8/c4/ba2f8066cceb6f23394729afe52f3bf7adec04bf9ed2c820b39e19299111/sortedcontainers-2.4.0.tar.gz", hash = "sha256:25caa5a06cc30b6b83d11423433f65d1f9d76c4c6a0c90e3379eaa43b9bfdb88", size = 30594 }
wheels = [
    { url = "https://files.pythonhosted.org/packages/32/46/9cb0e58b2deb7f82b84065f37f3bffeb12413f947f9388e4cac22c4621ce/sortedcontainers-2.4.0-py2.py3-none-any.whl", hash = "sha256:a163dcaede0f1c021485e957a39245190e74249897e2ae4b2aa38595db237ee0", size = 29575 },
]

[[package]]
name = "stevedore"
version = "5.3.0"
source = { registry = "https://pypi.org/simple" }
dependencies = [
    { name = "pbr" },
]
sdist = { url = "https://files.pythonhosted.org/packages/c4/59/f8aefa21020054f553bf7e3b405caec7f8d1f432d9cb47e34aaa244d8d03/stevedore-5.3.0.tar.gz", hash = "sha256:9a64265f4060312828151c204efbe9b7a9852a0d9228756344dbc7e4023e375a", size = 513768 }
wheels = [
    { url = "https://files.pythonhosted.org/packages/ec/50/70762bdb23f6c2b746b90661f461d33c4913a22a46bb5265b10947e85ffb/stevedore-5.3.0-py3-none-any.whl", hash = "sha256:1efd34ca08f474dad08d9b19e934a22c68bb6fe416926479ba29e5013bcc8f78", size = 49661 },
]

[[package]]
name = "symengine"
version = "0.13.0"
source = { registry = "https://pypi.org/simple" }
sdist = { url = "https://files.pythonhosted.org/packages/6b/ff/a2041497a482a0ae585672fe12cc8983c7fc46ce792811b55a067e5e5516/symengine-0.13.0.tar.gz", hash = "sha256:ab83a08897ebf12579702c2b71ba73d4732fb706cc4291d810aedf39c690c14c", size = 114237 }
wheels = [
    { url = "https://files.pythonhosted.org/packages/a1/b2/786d3efb98ae1c8e0a9869d6901f24a6633bd621f9e4e1427c86bff35abb/symengine-0.13.0-cp312-cp312-macosx_10_13_x86_64.whl", hash = "sha256:cf91d24f1bfd6d53228593c7804dd106b71b19674d5afc4fa322d516e1793bdd", size = 25853458 },
    { url = "https://files.pythonhosted.org/packages/3f/74/78b9e7f17c9b9b345d8ef0dbdefebbfc2c7f00693949c6b5808f8a9e54d8/symengine-0.13.0-cp312-cp312-macosx_11_0_arm64.whl", hash = "sha256:c5615b7eb68890917abd390ebb10434a949165f6064741c1a8cc345fee14e855", size = 22713256 },
    { url = "https://files.pythonhosted.org/packages/1d/a8/69f429946e9a9e63a141dcbe519df8a8c3d56aa75fa8440716871efd8b75/symengine-0.13.0-cp312-cp312-manylinux_2_17_aarch64.manylinux2014_aarch64.whl", hash = "sha256:fb92bdf0890de264abaeacbfbdbd4dd7444b94057bd47958d913b662e549ad8a", size = 60847852 },
    { url = "https://files.pythonhosted.org/packages/f5/3c/a613d5fa73c1b05eb4f0a4bc2bfa21314d37c89dcdb355da684b5f9bea46/symengine-0.13.0-cp312-cp312-manylinux_2_17_ppc64le.manylinux2014_ppc64le.whl", hash = "sha256:7b3bce486fbc0b87970ed1b10ca9d5cafb1fd6b66382fe631261d83592851d7e", size = 89691094 },
    { url = "https://files.pythonhosted.org/packages/90/9f/5a171a9edff23eb0e33e0a2dca295a8b25fd64491ebe8cf765e489bd2bcd/symengine-0.13.0-cp312-cp312-manylinux_2_17_x86_64.manylinux2014_x86_64.whl", hash = "sha256:f7e6bae9cfcdde2775d92fbb0abe3ef04e32f65ebc4c2d164ca33f4da202d4a7", size = 49584342 },
    { url = "https://files.pythonhosted.org/packages/07/16/a69dffc665e5007a0b4f1500fc401316aa070d109f83bc6887802dce199d/symengine-0.13.0-cp312-cp312-win_amd64.whl", hash = "sha256:bced0a1dbdb94737c299384c85ddbad6944ce8dadc334f7bb8dbbd8f6c965807", size = 17787218 },
]

[[package]]
name = "sympy"
version = "1.13.3"
source = { registry = "https://pypi.org/simple" }
dependencies = [
    { name = "mpmath" },
]
sdist = { url = "https://files.pythonhosted.org/packages/11/8a/5a7fd6284fa8caac23a26c9ddf9c30485a48169344b4bd3b0f02fef1890f/sympy-1.13.3.tar.gz", hash = "sha256:b27fd2c6530e0ab39e275fc9b683895367e51d5da91baa8d3d64db2565fec4d9", size = 7533196 }
wheels = [
    { url = "https://files.pythonhosted.org/packages/99/ff/c87e0622b1dadea79d2fb0b25ade9ed98954c9033722eb707053d310d4f3/sympy-1.13.3-py3-none-any.whl", hash = "sha256:54612cf55a62755ee71824ce692986f23c88ffa77207b30c1368eda4a7060f73", size = 6189483 },
]

[[package]]
name = "threadpoolctl"
version = "3.5.0"
source = { registry = "https://pypi.org/simple" }
sdist = { url = "https://files.pythonhosted.org/packages/bd/55/b5148dcbf72f5cde221f8bfe3b6a540da7aa1842f6b491ad979a6c8b84af/threadpoolctl-3.5.0.tar.gz", hash = "sha256:082433502dd922bf738de0d8bcc4fdcbf0979ff44c42bd40f5af8a282f6fa107", size = 41936 }
wheels = [
    { url = "https://files.pythonhosted.org/packages/4b/2c/ffbf7a134b9ab11a67b0cf0726453cedd9c5043a4fe7a35d1cefa9a1bcfb/threadpoolctl-3.5.0-py3-none-any.whl", hash = "sha256:56c1e26c150397e58c4926da8eeee87533b1e32bef131bd4bf6a2f45f3185467", size = 18414 },
]

[[package]]
name = "traojudge-quantum"
version = "0.1.0"
source = { virtual = "." }
dependencies = [
    { name = "bitarray" },
    { name = "more-itertools" },
    { name = "mpmath" },
    { name = "networkx" },
    { name = "numpy" },
    { name = "pandas" },
    { name = "pulp" },
    { name = "qiskit" },
    { name = "scikit-learn" },
    { name = "scipy" },
    { name = "shapely" },
    { name = "sortedcontainers" },
    { name = "sympy" },
    { name = "z3-solver" },
]

[package.metadata]
requires-dist = [
    { name = "bitarray", specifier = "==3.0.0" },
    { name = "more-itertools", specifier = "==10.5.0" },
    { name = "mpmath", specifier = "==1.3.0" },
    { name = "networkx", specifier = "==3.4.2" },
    { name = "numpy", specifier = "==2.1.3" },
    { name = "pandas", specifier = "==2.2.3" },
    { name = "pulp", specifier = "==2.9.0" },
    { name = "qiskit", specifier = "==1.2.4" },
    { name = "scikit-learn", specifier = "==1.5.2" },
    { name = "scipy", specifier = "==1.14.1" },
    { name = "shapely", specifier = "==2.0.6" },
    { name = "sortedcontainers", specifier = "==2.4.0" },
    { name = "sympy", specifier = "==1.13.3" },
    { name = "z3-solver", specifier = "==4.13.3.0" },
]

[[package]]
name = "typing-extensions"
version = "4.12.2"
source = { registry = "https://pypi.org/simple" }
sdist = { url = "https://files.pythonhosted.org/packages/df/db/f35a00659bc03fec321ba8bce9420de607a1d37f8342eee1863174c69557/typing_extensions-4.12.2.tar.gz", hash = "sha256:1a7ead55c7e559dd4dee8856e3a88b41225abfe1ce8df57b7c13915fe121ffb8", size = 85321 }
wheels = [
    { url = "https://files.pythonhosted.org/packages/26/9f/ad63fc0248c5379346306f8668cda6e2e2e9c95e01216d2b8ffd9ff037d0/typing_extensions-4.12.2-py3-none-any.whl", hash = "sha256:04e5ca0351e0f3f85c6853954072df659d0d13fac324d0072316b67d7794700d", size = 37438 },
]

[[package]]
name = "tzdata"
version = "2024.2"
source = { registry = "https://pypi.org/simple" }
sdist = { url = "https://files.pythonhosted.org/packages/e1/34/943888654477a574a86a98e9896bae89c7aa15078ec29f490fef2f1e5384/tzdata-2024.2.tar.gz", hash = "sha256:7d85cc416e9382e69095b7bdf4afd9e3880418a2413feec7069d533d6b4e31cc", size = 193282 }
wheels = [
    { url = "https://files.pythonhosted.org/packages/a6/ab/7e5f53c3b9d14972843a647d8d7a853969a58aecc7559cb3267302c94774/tzdata-2024.2-py2.py3-none-any.whl", hash = "sha256:a48093786cdcde33cad18c2555e8532f34422074448fbc874186f0abd79565cd", size = 346586 },
]

[[package]]
name = "z3-solver"
version = "4.13.3.0"
source = { registry = "https://pypi.org/simple" }
sdist = { url = "https://files.pythonhosted.org/packages/12/43/66654a437cd16bc25802284bd0f7ee94a679993ec0d90df25d2cbb595239/z3_solver-4.13.3.0.tar.gz", hash = "sha256:4c27466455bac65d3c512f4bb4841ac79e05e121d3f98ddc99ac27ab4bc27e05", size = 4899797 }
wheels = [
    { url = "https://files.pythonhosted.org/packages/5b/3e/fbefba102a95621b2eb9030acbb74338ab6078d2fef587ba3dc2a705bc4b/z3_solver-4.13.3.0-py3-none-macosx_13_0_arm64.whl", hash = "sha256:cae621cb47ebcf055f6a27285343d5c932f4c282b15c5d2840327e73e15a86a4", size = 35854175 },
    { url = "https://files.pythonhosted.org/packages/2f/c3/dde2e0ec7bd698bfa3d9b6d6eb5dcc4eb6434a5dc8430c2ac97eb413b1f4/z3_solver-4.13.3.0-py3-none-macosx_13_0_x86_64.whl", hash = "sha256:7900fbd1917164c938a20bea7845f7b95fcb431d0ade474d408f979196bccb8f", size = 38534677 },
    { url = "https://files.pythonhosted.org/packages/b6/f2/036f6501d3a2835cd4a17fd67364cd56337a5183e20b063d3d8a005f7288/z3_solver-4.13.3.0-py3-none-manylinux_2_17_x86_64.manylinux2014_x86_64.whl", hash = "sha256:794843e4946ade1561e40a75ffc1163b45d36b493fd6cc269ad1d6a65bddb8e5", size = 28124043 },
    { url = "https://files.pythonhosted.org/packages/1c/ff/51b34658ceca98978be0d0e5161bc239015188debc4e3895803a311608fd/z3_solver-4.13.3.0-py3-none-manylinux_2_34_aarch64.whl", hash = "sha256:ab5057cb1f4680406a232d2c1d968daaf69fae10685baa0887b85ca8e938a5cf", size = 26208542 },
    { url = "https://files.pythonhosted.org/packages/18/75/adfd645c3e3418052675b06717c4339f423ca7b51b7185fb0897f913acdc/z3_solver-4.13.3.0-py3-none-win32.whl", hash = "sha256:ba465489e9ab609f1cf0f232cbc102165b89a507347a6093c2ac3224cf161aa3", size = 12700057 },
    { url = "https://files.pythonhosted.org/packages/26/94/352fc6e18bd23056b57132bbe9d40facd5f70acebe23a6c49bfd89fa2bc0/z3_solver-4.13.3.0-py3-none-win_amd64.whl", hash = "sha256:d55e4793fa48230af766c7f6f7f033198b2d9df150d89ec65b07fd7b87998897", size = 15606445 },
]
