{
  "nodes": {
    "flake-utils": {
      "inputs": {
        "systems": "systems"
      },
      "locked": {
        "lastModified": 1726560853,
        "narHash": "sha256-X6rJYSESBVr3hBoH0WbKE5KvhPU5bloyZ2L4K60/fPQ=",
        "owner": "numtide",
        "repo": "flake-utils",
        "rev": "c1dfcf08411b08f6b8615f7d8971a2bfa81d5e8a",
        "type": "github"
      },
      "original": {
        "owner": "numtide",
        "repo": "flake-utils",
        "type": "github"
      }
    },
    "gods": {
      "flake": false,
      "locked": {
        "lastModified": 1650305728,
        "narHash": "sha256-hGDKddjLj+5dn2woHtXKUdd49/3xdsqnhx7VEdCu1m4=",
        "owner": "emirpasic",
        "repo": "gods",
        "rev": "dbdbadc158ae6b453820b3cfb8c6cb48be4d7ddf",
        "type": "github"
      },
      "original": {
        "owner": "emirpasic",
        "ref": "v1.18.1",
        "repo": "gods",
        "type": "github"
      }
    },
    "golang-org-exp": {
      "flake": false,
      "locked": {
        "lastModified": 1728068964,
        "narHash": "sha256-TC6wxpT0t9ohyDclUSPq7MeZ/QWDMqe+VZCVwETa0oM=",
        "owner": "golang",
        "repo": "exp",
        "rev": "225e2abe05e664228e7afb6bf5b97a25d56ba575",
        "type": "github"
      },
      "original": {
        "owner": "golang",
        "repo": "exp",
        "rev": "225e2abe05e664228e7afb6bf5b97a25d56ba575",
        "type": "github"
      }
    },
    "gonum": {
      "flake": false,
      "locked": {
        "lastModified": 1723849878,
        "narHash": "sha256-d0/xeCjn9oCBaI8xdM9NGdQ/7M3KmhInoUhSb7fSWAA=",
        "owner": "gonum",
        "repo": "gonum",
        "rev": "bdcda9a453049449163d160b98285b64ec8093a1",
        "type": "github"
      },
      "original": {
        "owner": "gonum",
        "ref": "v0.15.1",
        "repo": "gonum",
        "type": "github"
      }
    },
    "gostl": {
      "flake": false,
      "locked": {
        "lastModified": 1681890709,
        "narHash": "sha256-o832U300L5IqlaO7kb5fQzC8V1CuynBbEDk+FdKBv7c=",
        "owner": "liyue201",
        "repo": "gostl",
        "rev": "98dc0eb1ce1063cf860342e7e890760fcb711e3b",
        "type": "github"
      },
      "original": {
        "owner": "liyue201",
        "ref": "v1.2.0",
        "repo": "gostl",
        "type": "github"
      }
    },
    "nixpkgs": {
      "locked": {
        "lastModified": 1729265718,
        "narHash": "sha256-4HQI+6LsO3kpWTYuVGIzhJs1cetFcwT7quWCk/6rqeo=",
        "owner": "NixOS",
        "repo": "nixpkgs",
        "rev": "ccc0c2126893dd20963580b6478d1a10a4512185",
        "type": "github"
      },
      "original": {
        "owner": "NixOS",
        "ref": "nixpkgs-unstable",
        "repo": "nixpkgs",
        "type": "github"
      }
    },
    "pyproject-nix": {
      "inputs": {
        "nixpkgs": [
          "nixpkgs"
        ]
      },
      "locked": {
        "lastModified": 1731223003,
        "narHash": "sha256-hFf8/IeZKPUubMC452Mm+JiAEnvcw/a4Cvn2bcpeJqs=",
        "owner": "nix-community",
        "repo": "pyproject.nix",
        "rev": "359dd9cd562730bbd31ab164832aae4dacd9c302",
        "type": "github"
      },
      "original": {
        "owner": "nix-community",
        "repo": "pyproject.nix",
        "type": "github"
      }
    },
    "root": {
      "inputs": {
        "flake-utils": "flake-utils",
        "gods": "gods",
        "golang-org-exp": "golang-org-exp",
        "gonum": "gonum",
        "gostl": "gostl",
        "nixpkgs": "nixpkgs",
        "pyproject-nix": "pyproject-nix",
        "uv2nix": "uv2nix"
      }
    },
    "systems": {
      "locked": {
        "lastModified": 1681028828,
        "narHash": "sha256-Vy1rq5AaRuLzOxct8nz4T6wlgyUR7zLU309k9mBC768=",
        "owner": "nix-systems",
        "repo": "default",
        "rev": "da67096a3b9bf56a91d16901293e51ba5b49a27e",
        "type": "github"
      },
      "original": {
        "owner": "nix-systems",
        "repo": "default",
        "type": "github"
      }
    },
    "uv2nix": {
      "inputs": {
        "nixpkgs": [
          "nixpkgs"
        ],
        "pyproject-nix": [
          "pyproject-nix"
        ]
      },
      "locked": {
        "lastModified": 1731223088,
        "narHash": "sha256-qkij76/APgVXsgagQ0z0lTy3qeorfTuY5S91tzROSe0=",
        "owner": "adisbladis",
        "repo": "uv2nix",
        "rev": "638bb9e42147ebd6344053b20f05516b7b4674d7",
        "type": "github"
      },
      "original": {
        "owner": "adisbladis",
        "repo": "uv2nix",
        "type": "github"
      }
    }
  },
  "root": "root",
  "version": 7
}
